
Microsoft Visual Studio Solution File, Format Version 12.00
# Visual Studio Version 16
VisualStudioVersion = 16.0.31911.196
MinimumVisualStudioVersion = 10.0.40219.1
Project("{FAE04EC0-301F-11D3-BF4B-00C04F79EFBC}") = "LinqWithXML", "LinqWithXML\LinqWithXML.csproj", "{D7C76103-85E6-4151-BDF6-D517414C2BDA}"
EndProject
Global
	GlobalSection(SolutionConfigurationPlatforms) = preSolution
		Debug|Any CPU = Debug|Any CPU
		Release|Any CPU = Release|Any CPU
	EndGlobalSection
	GlobalSection(ProjectConfigurationPlatforms) = postSolution
		{D7C76103-85E6-4151-BDF6-D517414C2BDA}.Debug|Any CPU.ActiveCfg = Debug|Any CPU
		{D7C76103-85E6-4151-BDF6-D517414C2BDA}.Debug|Any CPU.Build.0 = Debug|Any CPU
		{D7C76103-85E6-4151-BDF6-D517414C2BDA}.Release|Any CPU.ActiveCfg = Release|Any CPU
		{D7C76103-85E6-4151-BDF6-D517414C2BDA}.Release|Any CPU.Build.0 = Release|Any CPU
	EndGlobalSection
	GlobalSection(SolutionProperties) = preSolution
		HideSolutionNode = FALSE
	EndGlobalSection
	GlobalSection(ExtensibilityGlobals) = postSolution
		SolutionGuid = {1F67AED0-8466-4173-A37D-FC18A527BD72}
	EndGlobalSection
EndGlobal
