
Microsoft Visual Studio Solution File, Format Version 12.00
# Visual Studio Version 16
VisualStudioVersion = 16.0.31911.196
MinimumVisualStudioVersion = 10.0.40219.1
Project("{FAE04EC0-301F-11D3-BF4B-00C04F79EFBC}") = "ZooManager", "ZooManager\ZooManager.csproj", "{4DAD73E2-8D1F-49D9-867B-C32A1BF39A93}"
EndProject
Global
	GlobalSection(SolutionConfigurationPlatforms) = preSolution
		Debug|Any CPU = Debug|Any CPU
		Release|Any CPU = Release|Any CPU
	EndGlobalSection
	GlobalSection(ProjectConfigurationPlatforms) = postSolution
		{4DAD73E2-8D1F-49D9-867B-C32A1BF39A93}.Debug|Any CPU.ActiveCfg = Debug|Any CPU
		{4DAD73E2-8D1F-49D9-867B-C32A1BF39A93}.Debug|Any CPU.Build.0 = Debug|Any CPU
		{4DAD73E2-8D1F-49D9-867B-C32A1BF39A93}.Release|Any CPU.ActiveCfg = Release|Any CPU
		{4DAD73E2-8D1F-49D9-867B-C32A1BF39A93}.Release|Any CPU.Build.0 = Release|Any CPU
	EndGlobalSection
	GlobalSection(SolutionProperties) = preSolution
		HideSolutionNode = FALSE
	EndGlobalSection
	GlobalSection(ExtensibilityGlobals) = postSolution
		SolutionGuid = {025263EE-8200-45C2-8B5D-502A8F91FB26}
	EndGlobalSection
EndGlobal
